
Microsoft Visual Studio Solution File, Format Version 12.00
# Visual Studio 15
VisualStudioVersion = 15.0.28307.421
MinimumVisualStudioVersion = 10.0.40219.1
Project("{FAE04EC0-301F-11D3-BF4B-00C04F79EFBC}") = "StudentPortal", "StudentPortal\StudentPortal.csproj", "{DA038E92-EFB5-4615-9777-42683F3EE349}"
EndProject
Global
	GlobalSection(SolutionConfigurationPlatforms) = preSolution
		Debug|Any CPU = Debug|Any CPU
		Release|Any CPU = Release|Any CPU
	EndGlobalSection
	GlobalSection(ProjectConfigurationPlatforms) = postSolution
		{DA038E92-EFB5-4615-9777-42683F3EE349}.Debug|Any CPU.ActiveCfg = Debug|Any CPU
		{DA038E92-EFB5-4615-9777-42683F3EE349}.Debug|Any CPU.Build.0 = Debug|Any CPU
		{DA038E92-EFB5-4615-9777-42683F3EE349}.Release|Any CPU.ActiveCfg = Release|Any CPU
		{DA038E92-EFB5-4615-9777-42683F3EE349}.Release|Any CPU.Build.0 = Release|Any CPU
	EndGlobalSection
	GlobalSection(SolutionProperties) = preSolution
		HideSolutionNode = FALSE
	EndGlobalSection
	GlobalSection(ExtensibilityGlobals) = postSolution
		SolutionGuid = {25233596-1667-457C-BC24-1A4B6A4D68BA}
	EndGlobalSection
EndGlobal
