
Microsoft Visual Studio Solution File, Format Version 12.00
# Visual Studio 15
VisualStudioVersion = 15.0.28307.421
MinimumVisualStudioVersion = 10.0.40219.1
Project("{FAE04EC0-301F-11D3-BF4B-00C04F79EFBC}") = "CalCulator", "CalCulator\CalCulator.csproj", "{BFEA97B7-83CD-4F93-9162-78E316960232}"
EndProject
Global
	GlobalSection(SolutionConfigurationPlatforms) = preSolution
		Debug|Any CPU = Debug|Any CPU
		Release|Any CPU = Release|Any CPU
	EndGlobalSection
	GlobalSection(ProjectConfigurationPlatforms) = postSolution
		{BFEA97B7-83CD-4F93-9162-78E316960232}.Debug|Any CPU.ActiveCfg = Debug|Any CPU
		{BFEA97B7-83CD-4F93-9162-78E316960232}.Debug|Any CPU.Build.0 = Debug|Any CPU
		{BFEA97B7-83CD-4F93-9162-78E316960232}.Release|Any CPU.ActiveCfg = Release|Any CPU
		{BFEA97B7-83CD-4F93-9162-78E316960232}.Release|Any CPU.Build.0 = Release|Any CPU
	EndGlobalSection
	GlobalSection(SolutionProperties) = preSolution
		HideSolutionNode = FALSE
	EndGlobalSection
	GlobalSection(ExtensibilityGlobals) = postSolution
		SolutionGuid = {51CE5B76-521E-4F0F-8AC9-2ECC0357FB82}
	EndGlobalSection
EndGlobal
