
Microsoft Visual Studio Solution File, Format Version 12.00
# Visual Studio 15
VisualStudioVersion = 15.0.28307.421
MinimumVisualStudioVersion = 10.0.40219.1
Project("{FAE04EC0-301F-11D3-BF4B-00C04F79EFBC}") = "SerializeAndDeseralize", "SerializeAndDeseralize\SerializeAndDeseralize.csproj", "{ACF3524F-AD43-4FF9-9F75-7EF341B341A9}"
EndProject
Global
	GlobalSection(SolutionConfigurationPlatforms) = preSolution
		Debug|Any CPU = Debug|Any CPU
		Release|Any CPU = Release|Any CPU
	EndGlobalSection
	GlobalSection(ProjectConfigurationPlatforms) = postSolution
		{ACF3524F-AD43-4FF9-9F75-7EF341B341A9}.Debug|Any CPU.ActiveCfg = Debug|Any CPU
		{ACF3524F-AD43-4FF9-9F75-7EF341B341A9}.Debug|Any CPU.Build.0 = Debug|Any CPU
		{ACF3524F-AD43-4FF9-9F75-7EF341B341A9}.Release|Any CPU.ActiveCfg = Release|Any CPU
		{ACF3524F-AD43-4FF9-9F75-7EF341B341A9}.Release|Any CPU.Build.0 = Release|Any CPU
	EndGlobalSection
	GlobalSection(SolutionProperties) = preSolution
		HideSolutionNode = FALSE
	EndGlobalSection
	GlobalSection(ExtensibilityGlobals) = postSolution
		SolutionGuid = {77D6650F-3E45-4145-9991-75A754E8467D}
	EndGlobalSection
EndGlobal
