
Microsoft Visual Studio Solution File, Format Version 12.00
# Visual Studio 15
VisualStudioVersion = 15.0.28307.421
MinimumVisualStudioVersion = 10.0.40219.1
Project("{FAE04EC0-301F-11D3-BF4B-00C04F79EFBC}") = "Assignment3Edx", "Assignment3Edx\Assignment3Edx.csproj", "{656CD07F-9444-4B66-BC3C-523372649F90}"
EndProject
Global
	GlobalSection(SolutionConfigurationPlatforms) = preSolution
		Debug|Any CPU = Debug|Any CPU
		Release|Any CPU = Release|Any CPU
	EndGlobalSection
	GlobalSection(ProjectConfigurationPlatforms) = postSolution
		{656CD07F-9444-4B66-BC3C-523372649F90}.Debug|Any CPU.ActiveCfg = Debug|Any CPU
		{656CD07F-9444-4B66-BC3C-523372649F90}.Debug|Any CPU.Build.0 = Debug|Any CPU
		{656CD07F-9444-4B66-BC3C-523372649F90}.Release|Any CPU.ActiveCfg = Release|Any CPU
		{656CD07F-9444-4B66-BC3C-523372649F90}.Release|Any CPU.Build.0 = Release|Any CPU
	EndGlobalSection
	GlobalSection(SolutionProperties) = preSolution
		HideSolutionNode = FALSE
	EndGlobalSection
	GlobalSection(ExtensibilityGlobals) = postSolution
		SolutionGuid = {3328ECDC-9CF0-49D3-BC2F-B0CBE5CEF8BA}
	EndGlobalSection
EndGlobal
