
Microsoft Visual Studio Solution File, Format Version 12.00
# Visual Studio 15
VisualStudioVersion = 15.0.28307.271
MinimumVisualStudioVersion = 10.0.40219.1
Project("{FAE04EC0-301F-11D3-BF4B-00C04F79EFBC}") = "ACIcompany", "ACIcompany\ACIcompany.csproj", "{A1383D7D-D059-485B-B4E1-6B96DA1AF071}"
EndProject
Global
	GlobalSection(SolutionConfigurationPlatforms) = preSolution
		Debug|Any CPU = Debug|Any CPU
		Release|Any CPU = Release|Any CPU
	EndGlobalSection
	GlobalSection(ProjectConfigurationPlatforms) = postSolution
		{A1383D7D-D059-485B-B4E1-6B96DA1AF071}.Debug|Any CPU.ActiveCfg = Debug|Any CPU
		{A1383D7D-D059-485B-B4E1-6B96DA1AF071}.Debug|Any CPU.Build.0 = Debug|Any CPU
		{A1383D7D-D059-485B-B4E1-6B96DA1AF071}.Release|Any CPU.ActiveCfg = Release|Any CPU
		{A1383D7D-D059-485B-B4E1-6B96DA1AF071}.Release|Any CPU.Build.0 = Release|Any CPU
	EndGlobalSection
	GlobalSection(SolutionProperties) = preSolution
		HideSolutionNode = FALSE
	EndGlobalSection
	GlobalSection(ExtensibilityGlobals) = postSolution
		SolutionGuid = {DA2417E5-62F7-439B-A6E0-63A454432DAB}
	EndGlobalSection
EndGlobal
